# THIS IS AN AUTOGENERATED FILE. DO NOT EDIT THIS FILE DIRECTLY.
# yarn lockfile v1


commander@^12.0.0:
  version "12.1.0"
  resolved "http://r.npm.sankuai.com/commander/download/commander-12.1.0.tgz#01423b36f501259fdaac4d0e4d60c96c991585d3"
  integrity sha1-AUI7NvUBJZ/arE0OTWDJbJkVhdM=

events@^3.3.0:
  version "3.3.0"
  resolved "http://r.npm.sankuai.com/events/download/events-3.3.0.tgz#31a95ad0a924e2d2c419a813aeb2c4e878ea7400"
  integrity sha1-Mala0Kkk4tLEGagTrrLE6HjqdAA=

random@^3.0.6:
  version "3.0.6"
  resolved "http://r.npm.sankuai.com/random/download/random-3.0.6.tgz#c918e9498dee461affde72986c79ac4d9ef486cf"
  integrity sha1-yRjpSY3uRhr/3nKYbHmsTZ70hs8=
  dependencies:
    seedrandom "^3.0.5"

seedrandom@^3.0.5:
  version "3.0.5"
  resolved "http://r.npm.sankuai.com/seedrandom/download/seedrandom-3.0.5.tgz#54edc85c95222525b0c7a6f6b3543d8e0b3aa0a7"
  integrity sha1-VO3IXJUiJSWwx6b2s1Q9jgs6oKc=
