# THIS IS AN AUTOGENERATED FILE. DO NOT EDIT THIS FILE DIRECTLY.
# yarn lockfile v1


bmp-js@^0.1.0:
  version "0.1.0"
  resolved "http://r.npm.sankuai.com/bmp-js/download/bmp-js-0.1.0.tgz#e05a63f796a6c1ff25f4771ec7adadc148c07233"
  integrity sha1-4Fpj95amwf8l9Hcex62twUjAcjM=

commander@^12.0.0:
  version "12.1.0"
  resolved "http://r.npm.sankuai.com/commander/download/commander-12.1.0.tgz#01423b36f501259fdaac4d0e4d60c96c991585d3"
  integrity sha1-AUI7NvUBJZ/arE0OTWDJbJkVhdM=

events@^3.3.0:
  version "3.3.0"
  resolved "http://r.npm.sankuai.com/events/download/events-3.3.0.tgz#31a95ad0a924e2d2c419a813aeb2c4e878ea7400"
  integrity sha1-Mala0Kkk4tLEGagTrrLE6HjqdAA=

idb-keyval@^6.2.0:
  version "6.2.1"
  resolved "http://r.npm.sankuai.com/idb-keyval/download/idb-keyval-6.2.1.tgz#94516d625346d16f56f3b33855da11bfded2db33"
  integrity sha1-lFFtYlNG0W9W87M4VdoRv97S2zM=

is-electron@^2.2.2:
  version "2.2.2"
  resolved "http://r.npm.sankuai.com/is-electron/download/is-electron-2.2.2.tgz#3778902a2044d76de98036f5dc58089ac4d80bb9"
  integrity sha1-N3iQKiBE123pgDb13FgImsTYC7k=

is-url@^1.2.4:
  version "1.2.4"
  resolved "http://r.npm.sankuai.com/is-url/download/is-url-1.2.4.tgz#04a4df46d28c4cff3d73d01ff06abeb318a1aa52"
  integrity sha1-BKTfRtKMTP89c9Af8Gq+sxihqlI=

node-fetch@^2.6.9:
  version "2.7.0"
  resolved "http://r.npm.sankuai.com/node-fetch/download/node-fetch-2.7.0.tgz#d0f0fa6e3e2dc1d27efcd8ad99d550bda94d187d"
  integrity sha1-0PD6bj4twdJ+/NitmdVQvalNGH0=
  dependencies:
    whatwg-url "^5.0.0"

opencollective-postinstall@^2.0.3:
  version "2.0.3"
  resolved "http://r.npm.sankuai.com/opencollective-postinstall/download/opencollective-postinstall-2.0.3.tgz#7a0fff978f6dbfa4d006238fbac98ed4198c3259"
  integrity sha1-eg//l49tv6TQBiOPusmO1BmMMlk=

random@^3.0.6:
  version "3.0.6"
  resolved "http://r.npm.sankuai.com/random/download/random-3.0.6.tgz#c918e9498dee461affde72986c79ac4d9ef486cf"
  integrity sha1-yRjpSY3uRhr/3nKYbHmsTZ70hs8=
  dependencies:
    seedrandom "^3.0.5"

regenerator-runtime@^0.13.3:
  version "0.13.11"
  resolved "http://r.npm.sankuai.com/regenerator-runtime/download/regenerator-runtime-0.13.11.tgz#f6dca3e7ceec20590d07ada785636a90cdca17f9"
  integrity sha1-9tyj587sIFkNB62nhWNqkM3KF/k=

seedrandom@^3.0.5:
  version "3.0.5"
  resolved "http://r.npm.sankuai.com/seedrandom/download/seedrandom-3.0.5.tgz#54edc85c95222525b0c7a6f6b3543d8e0b3aa0a7"
  integrity sha1-VO3IXJUiJSWwx6b2s1Q9jgs6oKc=

tesseract.js-core@^5.1.1:
  version "5.1.1"
  resolved "http://r.npm.sankuai.com/tesseract.js-core/download/tesseract.js-core-5.1.1.tgz#2b6f3ef28dd109bf4efdbc8fff70bd11adac8b85"
  integrity sha1-K28+8o3RCb9O/byP/3C9Ea2si4U=

tesseract.js@^5.1.1:
  version "5.1.1"
  resolved "http://r.npm.sankuai.com/tesseract.js/download/tesseract.js-5.1.1.tgz#7bfaca1c103ba0ce3ddf5e101f0692802a01f880"
  integrity sha1-e/rKHBA7oM49314QHwaSgCoB+IA=
  dependencies:
    bmp-js "^0.1.0"
    idb-keyval "^6.2.0"
    is-electron "^2.2.2"
    is-url "^1.2.4"
    node-fetch "^2.6.9"
    opencollective-postinstall "^2.0.3"
    regenerator-runtime "^0.13.3"
    tesseract.js-core "^5.1.1"
    wasm-feature-detect "^1.2.11"
    zlibjs "^0.3.1"

tr46@~0.0.3:
  version "0.0.3"
  resolved "http://r.npm.sankuai.com/tr46/download/tr46-0.0.3.tgz#8184fd347dac9cdc185992f3a6622e14b9d9ab6a"
  integrity sha1-gYT9NH2snNwYWZLzpmIuFLnZq2o=

wasm-feature-detect@^1.2.11:
  version "1.8.0"
  resolved "http://r.npm.sankuai.com/wasm-feature-detect/download/wasm-feature-detect-1.8.0.tgz#4e9f55b0a64d801f372fbb0324ed11ad3abd0c78"
  integrity sha1-Tp9VsKZNgB83L7sDJO0RrTq9DHg=

webidl-conversions@^3.0.0:
  version "3.0.1"
  resolved "http://r.npm.sankuai.com/webidl-conversions/download/webidl-conversions-3.0.1.tgz#24534275e2a7bc6be7bc86611cc16ae0a5654871"
  integrity sha1-JFNCdeKnvGvnvIZhHMFq4KVlSHE=

whatwg-url@^5.0.0:
  version "5.0.0"
  resolved "http://r.npm.sankuai.com/whatwg-url/download/whatwg-url-5.0.0.tgz#966454e8765462e37644d3626f6742ce8b70965d"
  integrity sha1-lmRU6HZUYuN2RNNib2dCzotwll0=
  dependencies:
    tr46 "~0.0.3"
    webidl-conversions "^3.0.0"

zlibjs@^0.3.1:
  version "0.3.1"
  resolved "http://r.npm.sankuai.com/zlibjs/download/zlibjs-0.3.1.tgz#50197edb28a1c42ca659cc8b4e6a9ddd6d444554"
  integrity sha1-UBl+2yihxCymWcyLTmqd3W1ERVQ=
